
Microsoft Visual Studio Solution File, Format Version 12.00
# Visual Studio Version 16
VisualStudioVersion = 16.0.31112.23
MinimumVisualStudioVersion = 10.0.40219.1
Project("{8BC9CEB8-8B4A-11D0-8D11-00A0C91BC942}") = "DataTypes", "DataTypes\DataTypes.vcxproj", "{91BD6EE2-5A1A-4E2B-9A7F-80A239214DAA}"
EndProject
Project("{8BC9CEB8-8B4A-11D0-8D11-00A0C91BC942}") = "Operators", "Operators\Operators.vcxproj", "{8E79DABF-FA3E-488D-8289-31441BBDF6DB}"
EndProject
Project("{8BC9CEB8-8B4A-11D0-8D11-00A0C91BC942}") = "Control structures", "Control structures\Control structures.vcxproj", "{1878CF57-99B9-46E9-827D-10116BCC551D}"
EndProject
Project("{8BC9CEB8-8B4A-11D0-8D11-00A0C91BC942}") = "FOR_LOOP", "FOR_LOOP\FOR_LOOP.vcxproj", "{03C298B5-C01A-481B-927E-4CC1C5E546D2}"
EndProject
Project("{8BC9CEB8-8B4A-11D0-8D11-00A0C91BC942}") = "NESTED_FOR", "NESTED_FOR\NESTED_FOR.vcxproj", "{DCDCE540-D998-4760-91FC-F8EB8D45D89C}"
EndProject
Project("{8BC9CEB8-8B4A-11D0-8D11-00A0C91BC942}") = "Homework", "Homework\Homework.vcxproj", "{5A10FD85-F602-416B-A437-05878F3FAECF}"
EndProject
Project("{8BC9CEB8-8B4A-11D0-8D11-00A0C91BC942}") = "Geometry", "Djeroma 3D\Djeroma 3D.vcxproj", "{E4F3C698-BB33-40A2-BD4A-F6D6F21D9335}"
EndProject
Project("{8BC9CEB8-8B4A-11D0-8D11-00A0C91BC942}") = "Homework_3", "Homework_3\Homework_3.vcxproj", "{C2766E6C-C633-4733-BC45-12620A69D422}"
EndProject
Project("{8BC9CEB8-8B4A-11D0-8D11-00A0C91BC942}") = "Functions", "Functions\Functions.vcxproj", "{11F91FF7-0AC5-4373-93A8-F3D9A41F5A3E}"
EndProject
Project("{8BC9CEB8-8B4A-11D0-8D11-00A0C91BC942}") = "Arrays", "Arrays\Arrays.vcxproj", "{9E150B51-914B-4D97-B999-694AD9ED6782}"
EndProject
Project("{8BC9CEB8-8B4A-11D0-8D11-00A0C91BC942}") = "HardChess", "HardChess\HardChess.vcxproj", "{FCF3438E-BBE0-4313-AF2C-F5ABBB4968D4}"
EndProject
Global
	GlobalSection(SolutionConfigurationPlatforms) = preSolution
		Debug|x64 = Debug|x64
		Debug|x86 = Debug|x86
		Release|x64 = Release|x64
		Release|x86 = Release|x86
	EndGlobalSection
	GlobalSection(ProjectConfigurationPlatforms) = postSolution
		{91BD6EE2-5A1A-4E2B-9A7F-80A239214DAA}.Debug|x64.ActiveCfg = Debug|x64
		{91BD6EE2-5A1A-4E2B-9A7F-80A239214DAA}.Debug|x64.Build.0 = Debug|x64
		{91BD6EE2-5A1A-4E2B-9A7F-80A239214DAA}.Debug|x86.ActiveCfg = Debug|Win32
		{91BD6EE2-5A1A-4E2B-9A7F-80A239214DAA}.Debug|x86.Build.0 = Debug|Win32
		{91BD6EE2-5A1A-4E2B-9A7F-80A239214DAA}.Release|x64.ActiveCfg = Release|x64
		{91BD6EE2-5A1A-4E2B-9A7F-80A239214DAA}.Release|x64.Build.0 = Release|x64
		{91BD6EE2-5A1A-4E2B-9A7F-80A239214DAA}.Release|x86.ActiveCfg = Release|Win32
		{91BD6EE2-5A1A-4E2B-9A7F-80A239214DAA}.Release|x86.Build.0 = Release|Win32
		{8E79DABF-FA3E-488D-8289-31441BBDF6DB}.Debug|x64.ActiveCfg = Debug|x64
		{8E79DABF-FA3E-488D-8289-31441BBDF6DB}.Debug|x64.Build.0 = Debug|x64
		{8E79DABF-FA3E-488D-8289-31441BBDF6DB}.Debug|x86.ActiveCfg = Debug|Win32
		{8E79DABF-FA3E-488D-8289-31441BBDF6DB}.Debug|x86.Build.0 = Debug|Win32
		{8E79DABF-FA3E-488D-8289-31441BBDF6DB}.Release|x64.ActiveCfg = Release|x64
		{8E79DABF-FA3E-488D-8289-31441BBDF6DB}.Release|x64.Build.0 = Release|x64
		{8E79DABF-FA3E-488D-8289-31441BBDF6DB}.Release|x86.ActiveCfg = Release|Win32
		{8E79DABF-FA3E-488D-8289-31441BBDF6DB}.Release|x86.Build.0 = Release|Win32
		{1878CF57-99B9-46E9-827D-10116BCC551D}.Debug|x64.ActiveCfg = Debug|x64
		{1878CF57-99B9-46E9-827D-10116BCC551D}.Debug|x64.Build.0 = Debug|x64
		{1878CF57-99B9-46E9-827D-10116BCC551D}.Debug|x86.ActiveCfg = Debug|Win32
		{1878CF57-99B9-46E9-827D-10116BCC551D}.Debug|x86.Build.0 = Debug|Win32
		{1878CF57-99B9-46E9-827D-10116BCC551D}.Release|x64.ActiveCfg = Release|x64
		{1878CF57-99B9-46E9-827D-10116BCC551D}.Release|x64.Build.0 = Release|x64
		{1878CF57-99B9-46E9-827D-10116BCC551D}.Release|x86.ActiveCfg = Release|Win32
		{1878CF57-99B9-46E9-827D-10116BCC551D}.Release|x86.Build.0 = Release|Win32
		{03C298B5-C01A-481B-927E-4CC1C5E546D2}.Debug|x64.ActiveCfg = Debug|x64
		{03C298B5-C01A-481B-927E-4CC1C5E546D2}.Debug|x64.Build.0 = Debug|x64
		{03C298B5-C01A-481B-927E-4CC1C5E546D2}.Debug|x86.ActiveCfg = Debug|Win32
		{03C298B5-C01A-481B-927E-4CC1C5E546D2}.Debug|x86.Build.0 = Debug|Win32
		{03C298B5-C01A-481B-927E-4CC1C5E546D2}.Release|x64.ActiveCfg = Release|x64
		{03C298B5-C01A-481B-927E-4CC1C5E546D2}.Release|x64.Build.0 = Release|x64
		{03C298B5-C01A-481B-927E-4CC1C5E546D2}.Release|x86.ActiveCfg = Release|Win32
		{03C298B5-C01A-481B-927E-4CC1C5E546D2}.Release|x86.Build.0 = Release|Win32
		{DCDCE540-D998-4760-91FC-F8EB8D45D89C}.Debug|x64.ActiveCfg = Debug|x64
		{DCDCE540-D998-4760-91FC-F8EB8D45D89C}.Debug|x64.Build.0 = Debug|x64
		{DCDCE540-D998-4760-91FC-F8EB8D45D89C}.Debug|x86.ActiveCfg = Debug|Win32
		{DCDCE540-D998-4760-91FC-F8EB8D45D89C}.Debug|x86.Build.0 = Debug|Win32
		{DCDCE540-D998-4760-91FC-F8EB8D45D89C}.Release|x64.ActiveCfg = Release|x64
		{DCDCE540-D998-4760-91FC-F8EB8D45D89C}.Release|x64.Build.0 = Release|x64
		{DCDCE540-D998-4760-91FC-F8EB8D45D89C}.Release|x86.ActiveCfg = Release|Win32
		{DCDCE540-D998-4760-91FC-F8EB8D45D89C}.Release|x86.Build.0 = Release|Win32
		{5A10FD85-F602-416B-A437-05878F3FAECF}.Debug|x64.ActiveCfg = Debug|x64
		{5A10FD85-F602-416B-A437-05878F3FAECF}.Debug|x64.Build.0 = Debug|x64
		{5A10FD85-F602-416B-A437-05878F3FAECF}.Debug|x86.ActiveCfg = Debug|Win32
		{5A10FD85-F602-416B-A437-05878F3FAECF}.Debug|x86.Build.0 = Debug|Win32
		{5A10FD85-F602-416B-A437-05878F3FAECF}.Release|x64.ActiveCfg = Release|x64
		{5A10FD85-F602-416B-A437-05878F3FAECF}.Release|x64.Build.0 = Release|x64
		{5A10FD85-F602-416B-A437-05878F3FAECF}.Release|x86.ActiveCfg = Release|Win32
		{5A10FD85-F602-416B-A437-05878F3FAECF}.Release|x86.Build.0 = Release|Win32
		{E4F3C698-BB33-40A2-BD4A-F6D6F21D9335}.Debug|x64.ActiveCfg = Debug|x64
		{E4F3C698-BB33-40A2-BD4A-F6D6F21D9335}.Debug|x64.Build.0 = Debug|x64
		{E4F3C698-BB33-40A2-BD4A-F6D6F21D9335}.Debug|x86.ActiveCfg = Debug|Win32
		{E4F3C698-BB33-40A2-BD4A-F6D6F21D9335}.Debug|x86.Build.0 = Debug|Win32
		{E4F3C698-BB33-40A2-BD4A-F6D6F21D9335}.Release|x64.ActiveCfg = Release|x64
		{E4F3C698-BB33-40A2-BD4A-F6D6F21D9335}.Release|x64.Build.0 = Release|x64
		{E4F3C698-BB33-40A2-BD4A-F6D6F21D9335}.Release|x86.ActiveCfg = Release|Win32
		{E4F3C698-BB33-40A2-BD4A-F6D6F21D9335}.Release|x86.Build.0 = Release|Win32
		{C2766E6C-C633-4733-BC45-12620A69D422}.Debug|x64.ActiveCfg = Debug|x64
		{C2766E6C-C633-4733-BC45-12620A69D422}.Debug|x64.Build.0 = Debug|x64
		{C2766E6C-C633-4733-BC45-12620A69D422}.Debug|x86.ActiveCfg = Debug|Win32
		{C2766E6C-C633-4733-BC45-12620A69D422}.Debug|x86.Build.0 = Debug|Win32
		{C2766E6C-C633-4733-BC45-12620A69D422}.Release|x64.ActiveCfg = Release|x64
		{C2766E6C-C633-4733-BC45-12620A69D422}.Release|x64.Build.0 = Release|x64
		{C2766E6C-C633-4733-BC45-12620A69D422}.Release|x86.ActiveCfg = Release|Win32
		{C2766E6C-C633-4733-BC45-12620A69D422}.Release|x86.Build.0 = Release|Win32
		{11F91FF7-0AC5-4373-93A8-F3D9A41F5A3E}.Debug|x64.ActiveCfg = Debug|x64
		{11F91FF7-0AC5-4373-93A8-F3D9A41F5A3E}.Debug|x64.Build.0 = Debug|x64
		{11F91FF7-0AC5-4373-93A8-F3D9A41F5A3E}.Debug|x86.ActiveCfg = Debug|Win32
		{11F91FF7-0AC5-4373-93A8-F3D9A41F5A3E}.Debug|x86.Build.0 = Debug|Win32
		{11F91FF7-0AC5-4373-93A8-F3D9A41F5A3E}.Release|x64.ActiveCfg = Release|x64
		{11F91FF7-0AC5-4373-93A8-F3D9A41F5A3E}.Release|x64.Build.0 = Release|x64
		{11F91FF7-0AC5-4373-93A8-F3D9A41F5A3E}.Release|x86.ActiveCfg = Release|Win32
		{11F91FF7-0AC5-4373-93A8-F3D9A41F5A3E}.Release|x86.Build.0 = Release|Win32
		{9E150B51-914B-4D97-B999-694AD9ED6782}.Debug|x64.ActiveCfg = Debug|x64
		{9E150B51-914B-4D97-B999-694AD9ED6782}.Debug|x64.Build.0 = Debug|x64
		{9E150B51-914B-4D97-B999-694AD9ED6782}.Debug|x86.ActiveCfg = Debug|Win32
		{9E150B51-914B-4D97-B999-694AD9ED6782}.Debug|x86.Build.0 = Debug|Win32
		{9E150B51-914B-4D97-B999-694AD9ED6782}.Release|x64.ActiveCfg = Release|x64
		{9E150B51-914B-4D97-B999-694AD9ED6782}.Release|x64.Build.0 = Release|x64
		{9E150B51-914B-4D97-B999-694AD9ED6782}.Release|x86.ActiveCfg = Release|Win32
		{9E150B51-914B-4D97-B999-694AD9ED6782}.Release|x86.Build.0 = Release|Win32
		{FCF3438E-BBE0-4313-AF2C-F5ABBB4968D4}.Debug|x64.ActiveCfg = Debug|x64
		{FCF3438E-BBE0-4313-AF2C-F5ABBB4968D4}.Debug|x64.Build.0 = Debug|x64
		{FCF3438E-BBE0-4313-AF2C-F5ABBB4968D4}.Debug|x86.ActiveCfg = Debug|Win32
		{FCF3438E-BBE0-4313-AF2C-F5ABBB4968D4}.Debug|x86.Build.0 = Debug|Win32
		{FCF3438E-BBE0-4313-AF2C-F5ABBB4968D4}.Release|x64.ActiveCfg = Release|x64
		{FCF3438E-BBE0-4313-AF2C-F5ABBB4968D4}.Release|x64.Build.0 = Release|x64
		{FCF3438E-BBE0-4313-AF2C-F5ABBB4968D4}.Release|x86.ActiveCfg = Release|Win32
		{FCF3438E-BBE0-4313-AF2C-F5ABBB4968D4}.Release|x86.Build.0 = Release|Win32
	EndGlobalSection
	GlobalSection(SolutionProperties) = preSolution
		HideSolutionNode = FALSE
	EndGlobalSection
	GlobalSection(ExtensibilityGlobals) = postSolution
		SolutionGuid = {A9DEB6B7-6F8E-4ADD-9743-AEBAFD21B0FA}
	EndGlobalSection
EndGlobal
